Microsoft Visual Studio Solution File, Format Version 12.00
# Visual Studio Version 17
VisualStudioVersion = 17.5.2.0
MinimumVisualStudioVersion = 10.0.40219.1
Project("{FAE04EC0-301F-11D3-BF4B-00C04F79EFBC}") = "BugReportWeb", "BugReportWeb\BugReportWeb.csproj", "{895A5DA8-396E-7ACE-4D05-E97FE665A567}"
EndProject
Project("{FAE04EC0-301F-11D3-BF4B-00C04F79EFBC}") = "BugReportServer", "Server\BugReportServer.csproj", "{99A3E238-45CD-064E-3449-35464C671FC3}"
EndProject
Global
	GlobalSection(SolutionConfigurationPlatforms) = preSolution
		Debug|Any CPU = Debug|Any CPU
		Release|Any CPU = Release|Any CPU
	EndGlobalSection
	GlobalSection(ProjectConfigurationPlatforms) = postSolution
		{895A5DA8-396E-7ACE-4D05-E97FE665A567}.Debug|Any CPU.ActiveCfg = Debug|Any CPU
		{895A5DA8-396E-7ACE-4D05-E97FE665A567}.Debug|Any CPU.Build.0 = Debug|Any CPU
		{895A5DA8-396E-7ACE-4D05-E97FE665A567}.Release|Any CPU.ActiveCfg = Release|Any CPU
		{895A5DA8-396E-7ACE-4D05-E97FE665A567}.Release|Any CPU.Build.0 = Release|Any CPU
		{99A3E238-45CD-064E-3449-35464C671FC3}.Debug|Any CPU.ActiveCfg = Debug|Any CPU
		{99A3E238-45CD-064E-3449-35464C671FC3}.Debug|Any CPU.Build.0 = Debug|Any CPU
		{99A3E238-45CD-064E-3449-35464C671FC3}.Release|Any CPU.ActiveCfg = Release|Any CPU
		{99A3E238-45CD-064E-3449-35464C671FC3}.Release|Any CPU.Build.0 = Release|Any CPU
	EndGlobalSection
	GlobalSection(SolutionProperties) = preSolution
		HideSolutionNode = FALSE
	EndGlobalSection
	GlobalSection(ExtensibilityGlobals) = postSolution
		SolutionGuid = {3B62551B-2A19-48DB-A964-6E0B17CE6BD3}
	EndGlobalSection
EndGlobal
